
Microsoft Visual Studio Solution File, Format Version 12.00
# Visual Studio Version 16
VisualStudioVersion = 16.0.29806.167
MinimumVisualStudioVersion = 10.0.40219.1
Project("{9A19103F-16F7-4668-BE54-9A1E7A4F7556}") = "Practicing-For-Work.HttpApi", "practicing-for-work\Practicing-For-Work.HttpApi.csproj", "{7C00CD46-A962-4F4A-A160-CEC9616778F4}"
EndProject
Project("{9A19103F-16F7-4668-BE54-9A1E7A4F7556}") = "Practicing-For-Work.Application", "Application\Practicing-For-Work.Application.csproj", "{24D658DA-6E26-41F2-BF8F-DA14437B0E87}"
EndProject
Project("{9A19103F-16F7-4668-BE54-9A1E7A4F7556}") = "Practicing-For-Work.Application.Contracts", "Practicing-For-Work.Application.Contracts\Practicing-For-Work.Application.Contracts.csproj", "{E5EC9B81-B199-4613-85F2-AAAB59EE81D7}"
EndProject
Project("{9A19103F-16F7-4668-BE54-9A1E7A4F7556}") = "Practicing-For-Work.Domain", "Practicing-For-Work.Domain\Practicing-For-Work.Domain.csproj", "{0D73AB03-6171-44A1-A1B4-0FDAA4739CA4}"
EndProject
Project("{9A19103F-16F7-4668-BE54-9A1E7A4F7556}") = "Practicing-For-Work.EntityFrameworkCore", "Practicing-For-Work.EntityFrameworkCore\Practicing-For-Work.EntityFrameworkCore.csproj", "{47D50C76-B357-4380-8043-AE70989803A2}"
EndProject
Project("{FAE04EC0-301F-11D3-BF4B-00C04F79EFBC}") = "Practicing-For-Work.Toolkit", "Practicing-For-Work.Toolkit\Practicing-For-Work.Toolkit.csproj", "{B08DCC57-9A82-4D16-930A-B786BB348A43}"
EndProject
Global
	GlobalSection(SolutionConfigurationPlatforms) = preSolution
		Debug|Any CPU = Debug|Any CPU
		Release|Any CPU = Release|Any CPU
	EndGlobalSection
	GlobalSection(ProjectConfigurationPlatforms) = postSolution
		{7C00CD46-A962-4F4A-A160-CEC9616778F4}.Debug|Any CPU.ActiveCfg = Debug|Any CPU
		{7C00CD46-A962-4F4A-A160-CEC9616778F4}.Debug|Any CPU.Build.0 = Debug|Any CPU
		{7C00CD46-A962-4F4A-A160-CEC9616778F4}.Release|Any CPU.ActiveCfg = Release|Any CPU
		{7C00CD46-A962-4F4A-A160-CEC9616778F4}.Release|Any CPU.Build.0 = Release|Any CPU
		{24D658DA-6E26-41F2-BF8F-DA14437B0E87}.Debug|Any CPU.ActiveCfg = Debug|Any CPU
		{24D658DA-6E26-41F2-BF8F-DA14437B0E87}.Debug|Any CPU.Build.0 = Debug|Any CPU
		{24D658DA-6E26-41F2-BF8F-DA14437B0E87}.Release|Any CPU.ActiveCfg = Release|Any CPU
		{24D658DA-6E26-41F2-BF8F-DA14437B0E87}.Release|Any CPU.Build.0 = Release|Any CPU
		{E5EC9B81-B199-4613-85F2-AAAB59EE81D7}.Debug|Any CPU.ActiveCfg = Debug|Any CPU
		{E5EC9B81-B199-4613-85F2-AAAB59EE81D7}.Debug|Any CPU.Build.0 = Debug|Any CPU
		{E5EC9B81-B199-4613-85F2-AAAB59EE81D7}.Release|Any CPU.ActiveCfg = Release|Any CPU
		{E5EC9B81-B199-4613-85F2-AAAB59EE81D7}.Release|Any CPU.Build.0 = Release|Any CPU
		{0D73AB03-6171-44A1-A1B4-0FDAA4739CA4}.Debug|Any CPU.ActiveCfg = Debug|Any CPU
		{0D73AB03-6171-44A1-A1B4-0FDAA4739CA4}.Debug|Any CPU.Build.0 = Debug|Any CPU
		{0D73AB03-6171-44A1-A1B4-0FDAA4739CA4}.Release|Any CPU.ActiveCfg = Release|Any CPU
		{0D73AB03-6171-44A1-A1B4-0FDAA4739CA4}.Release|Any CPU.Build.0 = Release|Any CPU
		{47D50C76-B357-4380-8043-AE70989803A2}.Debug|Any CPU.ActiveCfg = Debug|Any CPU
		{47D50C76-B357-4380-8043-AE70989803A2}.Debug|Any CPU.Build.0 = Debug|Any CPU
		{47D50C76-B357-4380-8043-AE70989803A2}.Release|Any CPU.ActiveCfg = Release|Any CPU
		{47D50C76-B357-4380-8043-AE70989803A2}.Release|Any CPU.Build.0 = Release|Any CPU
		{B08DCC57-9A82-4D16-930A-B786BB348A43}.Debug|Any CPU.ActiveCfg = Debug|Any CPU
		{B08DCC57-9A82-4D16-930A-B786BB348A43}.Debug|Any CPU.Build.0 = Debug|Any CPU
		{B08DCC57-9A82-4D16-930A-B786BB348A43}.Release|Any CPU.ActiveCfg = Release|Any CPU
		{B08DCC57-9A82-4D16-930A-B786BB348A43}.Release|Any CPU.Build.0 = Release|Any CPU
	EndGlobalSection
	GlobalSection(SolutionProperties) = preSolution
		HideSolutionNode = FALSE
	EndGlobalSection
	GlobalSection(ExtensibilityGlobals) = postSolution
		SolutionGuid = {633A6D80-4626-4D3F-BA6D-136016901142}
	EndGlobalSection
EndGlobal
